
Microsoft Visual Studio Solution File, Format Version 12.00
Project("{FAE04EC0-301F-11D3-BF4B-00C04F79EFBC}") = "CompuertasLogicass", "CompuertasLogicass.csproj", "{C382975D-CA85-4C66-878C-235A2E25F458}"
EndProject
Global
	GlobalSection(SolutionConfigurationPlatforms) = preSolution
		Debug|Any CPU = Debug|Any CPU
		Release|Any CPU = Release|Any CPU
	EndGlobalSection
	GlobalSection(ProjectConfigurationPlatforms) = postSolution
		{C382975D-CA85-4C66-878C-235A2E25F458}.Debug|Any CPU.ActiveCfg = Debug|Any CPU
		{C382975D-CA85-4C66-878C-235A2E25F458}.Debug|Any CPU.Build.0 = Debug|Any CPU
		{C382975D-CA85-4C66-878C-235A2E25F458}.Release|Any CPU.ActiveCfg = Release|Any CPU
		{C382975D-CA85-4C66-878C-235A2E25F458}.Release|Any CPU.Build.0 = Release|Any CPU
	EndGlobalSection
EndGlobal
